
Microsoft Visual Studio Solution File, Format Version 12.00
# Visual Studio 15
VisualStudioVersion = 15.0.27703.2042
MinimumVisualStudioVersion = 10.0.40219.1
Project("{FAE04EC0-301F-11D3-BF4B-00C04F79EFBC}") = "BuscaPizza", "BuscaPizza\BuscaPizza.csproj", "{A286B0D7-A6C0-494B-8AFF-B4181EBB775E}"
EndProject
Global
	GlobalSection(SolutionConfigurationPlatforms) = preSolution
		Debug|Any CPU = Debug|Any CPU
		Release|Any CPU = Release|Any CPU
	EndGlobalSection
	GlobalSection(ProjectConfigurationPlatforms) = postSolution
		{A286B0D7-A6C0-494B-8AFF-B4181EBB775E}.Debug|Any CPU.ActiveCfg = Debug|Any CPU
		{A286B0D7-A6C0-494B-8AFF-B4181EBB775E}.Debug|Any CPU.Build.0 = Debug|Any CPU
		{A286B0D7-A6C0-494B-8AFF-B4181EBB775E}.Release|Any CPU.ActiveCfg = Release|Any CPU
		{A286B0D7-A6C0-494B-8AFF-B4181EBB775E}.Release|Any CPU.Build.0 = Release|Any CPU
	EndGlobalSection
	GlobalSection(SolutionProperties) = preSolution
		HideSolutionNode = FALSE
	EndGlobalSection
	GlobalSection(ExtensibilityGlobals) = postSolution
		SolutionGuid = {C7E2501E-E073-4A8D-B183-A3A414E2EEA0}
	EndGlobalSection
EndGlobal
